Microsoft Visual Studio Solution File, Format Version 8.00
Project("{8BC9CEB8-8B4A-11D0-8D11-00A0C91BC942}") = "ZLIB", "ZLIB.vcproj", "{A5D581A5-F47B-4413-B87E-F6EB8B068691}"
	ProjectSection(ProjectDependencies) = postProject
	EndProjectSection
EndProject
Global
	GlobalSection(SourceCodeControl) = preSolution
		SccNumberOfProjects = 2
		SccProjectName0 = \u0022$/Lib/ZLIB\u0022,\u0020WPAAAAAA
		SccLocalPath0 = ..
		SccProvider0 = MSSCCI:Microsoft\u0020Visual\u0020SourceSafe
		CanCheckoutShared = false
		SccProjectFilePathRelativizedFromConnection0 = Lib\\
		SolutionUniqueID = {CD08E497-8A7C-495E-BDAC-1927B97F5BB2}
		SccProjectUniqueName1 = ZLIB.vcproj
		SccLocalPath1 = ..
		CanCheckoutShared = false
		SccProjectFilePathRelativizedFromConnection1 = Lib\\
	EndGlobalSection
	GlobalSection(SolutionConfiguration) = preSolution
		Debug = Debug
		Release = Release
	EndGlobalSection
	GlobalSection(ProjectConfiguration) = postSolution
		{A5D581A5-F47B-4413-B87E-F6EB8B068691}.Debug.ActiveCfg = Debug|Win32
		{A5D581A5-F47B-4413-B87E-F6EB8B068691}.Debug.Build.0 = Debug|Win32
		{A5D581A5-F47B-4413-B87E-F6EB8B068691}.Release.ActiveCfg = Release|Win32
		{A5D581A5-F47B-4413-B87E-F6EB8B068691}.Release.Build.0 = Release|Win32
	EndGlobalSection
	GlobalSection(ExtensibilityGlobals) = postSolution
	EndGlobalSection
	GlobalSection(ExtensibilityAddIns) = postSolution
	EndGlobalSection
EndGlobal
